
Microsoft Visual Studio Solution File, Format Version 12.00
# Visual Studio Version 17
VisualStudioVersion = 17.0.31903.59
MinimumVisualStudioVersion = 10.0.40219.1
Project("{2150E333-8FDC-42A3-9474-1A3956D46DE8}") = "src", "src", "{CCA3CF4E-DF3E-4854-ABCB-23A3335604FF}"
	ProjectSection(SolutionItems) = preProject
		docker-compose.yml = docker-compose.yml
	EndProjectSection
EndProject
Project("{FAE04EC0-301F-11D3-BF4B-00C04F79EFBC}") = "AuctionService", "src\AuctionService\AuctionService.csproj", "{04B5A21A-8787-4E59-981B-C28B06DCE0FB}"
EndProject
Project("{FAE04EC0-301F-11D3-BF4B-00C04F79EFBC}") = "SearchService", "src\SearchService\SearchService.csproj", "{9CAC7F74-7A59-45F7-BBDF-EB6A13B20913}"
EndProject
Project("{FAE04EC0-301F-11D3-BF4B-00C04F79EFBC}") = "Contracts", "src\Contracts\Contracts.csproj", "{CCA1440E-1C1B-4E66-AC17-3C25CF2E2FEE}"
EndProject
Project("{FAE04EC0-301F-11D3-BF4B-00C04F79EFBC}") = "IdentityService", "src\IdentityService\IdentityService.csproj", "{F8D3CB37-947C-41B3-8CD6-E0D8616DA159}"
EndProject
Project("{FAE04EC0-301F-11D3-BF4B-00C04F79EFBC}") = "GatewayService", "src\GatewayService\GatewayService.csproj", "{00436283-E8A5-4B3B-BF97-26CD08DA3887}"
EndProject
Global
	GlobalSection(SolutionConfigurationPlatforms) = preSolution
		Debug|Any CPU = Debug|Any CPU
		Release|Any CPU = Release|Any CPU
	EndGlobalSection
	GlobalSection(ProjectConfigurationPlatforms) = postSolution
		{04B5A21A-8787-4E59-981B-C28B06DCE0FB}.Debug|Any CPU.ActiveCfg = Debug|Any CPU
		{04B5A21A-8787-4E59-981B-C28B06DCE0FB}.Debug|Any CPU.Build.0 = Debug|Any CPU
		{04B5A21A-8787-4E59-981B-C28B06DCE0FB}.Release|Any CPU.ActiveCfg = Release|Any CPU
		{04B5A21A-8787-4E59-981B-C28B06DCE0FB}.Release|Any CPU.Build.0 = Release|Any CPU
		{9CAC7F74-7A59-45F7-BBDF-EB6A13B20913}.Debug|Any CPU.ActiveCfg = Debug|Any CPU
		{9CAC7F74-7A59-45F7-BBDF-EB6A13B20913}.Debug|Any CPU.Build.0 = Debug|Any CPU
		{9CAC7F74-7A59-45F7-BBDF-EB6A13B20913}.Release|Any CPU.ActiveCfg = Release|Any CPU
		{9CAC7F74-7A59-45F7-BBDF-EB6A13B20913}.Release|Any CPU.Build.0 = Release|Any CPU
		{CCA1440E-1C1B-4E66-AC17-3C25CF2E2FEE}.Debug|Any CPU.ActiveCfg = Debug|Any CPU
		{CCA1440E-1C1B-4E66-AC17-3C25CF2E2FEE}.Debug|Any CPU.Build.0 = Debug|Any CPU
		{CCA1440E-1C1B-4E66-AC17-3C25CF2E2FEE}.Release|Any CPU.ActiveCfg = Release|Any CPU
		{CCA1440E-1C1B-4E66-AC17-3C25CF2E2FEE}.Release|Any CPU.Build.0 = Release|Any CPU
		{F8D3CB37-947C-41B3-8CD6-E0D8616DA159}.Debug|Any CPU.ActiveCfg = Debug|Any CPU
		{F8D3CB37-947C-41B3-8CD6-E0D8616DA159}.Debug|Any CPU.Build.0 = Debug|Any CPU
		{F8D3CB37-947C-41B3-8CD6-E0D8616DA159}.Release|Any CPU.ActiveCfg = Release|Any CPU
		{F8D3CB37-947C-41B3-8CD6-E0D8616DA159}.Release|Any CPU.Build.0 = Release|Any CPU
		{00436283-E8A5-4B3B-BF97-26CD08DA3887}.Debug|Any CPU.ActiveCfg = Debug|Any CPU
		{00436283-E8A5-4B3B-BF97-26CD08DA3887}.Debug|Any CPU.Build.0 = Debug|Any CPU
		{00436283-E8A5-4B3B-BF97-26CD08DA3887}.Release|Any CPU.ActiveCfg = Release|Any CPU
		{00436283-E8A5-4B3B-BF97-26CD08DA3887}.Release|Any CPU.Build.0 = Release|Any CPU
	EndGlobalSection
	GlobalSection(SolutionProperties) = preSolution
		HideSolutionNode = FALSE
	EndGlobalSection
	GlobalSection(NestedProjects) = preSolution
		{04B5A21A-8787-4E59-981B-C28B06DCE0FB} = {CCA3CF4E-DF3E-4854-ABCB-23A3335604FF}
		{9CAC7F74-7A59-45F7-BBDF-EB6A13B20913} = {CCA3CF4E-DF3E-4854-ABCB-23A3335604FF}
		{CCA1440E-1C1B-4E66-AC17-3C25CF2E2FEE} = {CCA3CF4E-DF3E-4854-ABCB-23A3335604FF}
		{F8D3CB37-947C-41B3-8CD6-E0D8616DA159} = {CCA3CF4E-DF3E-4854-ABCB-23A3335604FF}
		{00436283-E8A5-4B3B-BF97-26CD08DA3887} = {CCA3CF4E-DF3E-4854-ABCB-23A3335604FF}
	EndGlobalSection
EndGlobal
